PODS:
  - AFNetworking (3.1.0):
    - AFNetworking/NSURLSession (= 3.1.0)
    - AFNetworking/Reachability (= 3.1.0)
    - AFNetworking/Security (= 3.1.0)
    - AFNetworking/Serialization (= 3.1.0)
    - AFNetworking/UIKit (= 3.1.0)
  - AFNetworking/NSURLSession (3.1.0):
    - AFNetworking/Reachability
    - AFNetworking/Security
    - AFNetworking/Serialization
  - AFNetworking/Reachability (3.1.0)
  - AFNetworking/Security (3.1.0)
  - AFNetworking/Serialization (3.1.0)
  - AFNetworking/UIKit (3.1.0):
    - AFNetworking/NSURLSession
  - Masonry (1.1.0)
  - MJExtension (3.0.13)
  - MJRefresh (3.1.14)
  - SDWebImage (4.1.2):
    - SDWebImage/Core (= 4.1.2)
  - SDWebImage/Core (4.1.2)
  - TFHpple (2.0.0)
  - WechatOpenSDK (1.8.0)

DEPENDENCIES:
  - AFNetworking (~> 3.0)
  - Masonry
  - MJExtension
  - MJRefresh
  - SDWebImage
  - TFHpple
  - WechatOpenSDK

SPEC CHECKSUMS:
  AFNetworking: 5e0e199f73d8626b11e79750991f5d173d1f8b67
  Masonry: 678fab65091a9290e40e2832a55e7ab731aad201
  MJExtension: 5932755f451458eefa24239358817f8d291240c7
  MJRefresh: 6642e35b3227a5447b9fd5e17c552c90196c9859
  SDWebImage: cb6f9f266a9977741efcbc21e618e8be3734c774
  TFHpple: a916fe0799eb30aa29b2670d14d5868cdd3a5b81
  WechatOpenSDK: 0ee07a8d492299d3e47372a33da5af26524a7576

PODFILE CHECKSUM: 1ea06c16d190349d116ebc3b0174a94cecf969a7

COCOAPODS: 1.3.1
